
Microsoft Visual Studio Solution File, Format Version 12.00
# Visual Studio Version 16
VisualStudioVersion = 16.0.29020.237
MinimumVisualStudioVersion = 10.0.40219.1
Project("{FAE04EC0-301F-11D3-BF4B-00C04F79EFBC}") = "MVCProject", "MVCProject\MVCProject.csproj", "{8C8DEE26-55D8-4D6A-B0CD-9B26D599BA07}"
EndProject
Global
	GlobalSection(SolutionConfigurationPlatforms) = preSolution
		Debug|Any CPU = Debug|Any CPU
		Release|Any CPU = Release|Any CPU
	EndGlobalSection
	GlobalSection(ProjectConfigurationPlatforms) = postSolution
		{8C8DEE26-55D8-4D6A-B0CD-9B26D599BA07}.Debug|Any CPU.ActiveCfg = Debug|Any CPU
		{8C8DEE26-55D8-4D6A-B0CD-9B26D599BA07}.Debug|Any CPU.Build.0 = Debug|Any CPU
		{8C8DEE26-55D8-4D6A-B0CD-9B26D599BA07}.Release|Any CPU.ActiveCfg = Release|Any CPU
		{8C8DEE26-55D8-4D6A-B0CD-9B26D599BA07}.Release|Any CPU.Build.0 = Release|Any CPU
	EndGlobalSection
	GlobalSection(SolutionProperties) = preSolution
		HideSolutionNode = FALSE
	EndGlobalSection
	GlobalSection(ExtensibilityGlobals) = postSolution
		SolutionGuid = {E2B24FA1-5F0A-4DD4-99B4-52F8CBE0F8CB}
	EndGlobalSection
EndGlobal
