
Microsoft Visual Studio Solution File, Format Version 12.00
# Visual Studio Version 16
VisualStudioVersion = 16.0.29025.244
MinimumVisualStudioVersion = 10.0.40219.1
Project("{FAE04EC0-301F-11D3-BF4B-00C04F79EFBC}") = "ListaBiDeManeirasimples", "ListaBiDeManeirasimples.csproj", "{0C67C19C-5A8A-47AD-90F9-5D501C016E15}"
EndProject
Global
	GlobalSection(SolutionConfigurationPlatforms) = preSolution
		Debug|Any CPU = Debug|Any CPU
		Release|Any CPU = Release|Any CPU
	EndGlobalSection
	GlobalSection(ProjectConfigurationPlatforms) = postSolution
		{0C67C19C-5A8A-47AD-90F9-5D501C016E15}.Debug|Any CPU.ActiveCfg = Debug|Any CPU
		{0C67C19C-5A8A-47AD-90F9-5D501C016E15}.Debug|Any CPU.Build.0 = Debug|Any CPU
		{0C67C19C-5A8A-47AD-90F9-5D501C016E15}.Release|Any CPU.ActiveCfg = Release|Any CPU
		{0C67C19C-5A8A-47AD-90F9-5D501C016E15}.Release|Any CPU.Build.0 = Release|Any CPU
	EndGlobalSection
	GlobalSection(SolutionProperties) = preSolution
		HideSolutionNode = FALSE
	EndGlobalSection
	GlobalSection(ExtensibilityGlobals) = postSolution
		SolutionGuid = {7EDD4408-0CA4-4EC8-B30E-0F842612AB35}
	EndGlobalSection
EndGlobal
